
Microsoft Visual Studio Solution File, Format Version 12.00
# Visual Studio 15
VisualStudioVersion = 15.0.28307.1972
MinimumVisualStudioVersion = 10.0.40219.1
Project("{FAE04EC0-301F-11D3-BF4B-00C04F79EFBC}") = "FitnessCenterApp", "FitnessCenterApp\FitnessCenterApp.csproj", "{A850A48B-9781-41E3-8605-627F4C120F18}"
EndProject
Global
	GlobalSection(SolutionConfigurationPlatforms) = preSolution
		Debug|Any CPU = Debug|Any CPU
		Release|Any CPU = Release|Any CPU
	EndGlobalSection
	GlobalSection(ProjectConfigurationPlatforms) = postSolution
		{A850A48B-9781-41E3-8605-627F4C120F18}.Debug|Any CPU.ActiveCfg = Debug|Any CPU
		{A850A48B-9781-41E3-8605-627F4C120F18}.Debug|Any CPU.Build.0 = Debug|Any CPU
		{A850A48B-9781-41E3-8605-627F4C120F18}.Release|Any CPU.ActiveCfg = Release|Any CPU
		{A850A48B-9781-41E3-8605-627F4C120F18}.Release|Any CPU.Build.0 = Release|Any CPU
	EndGlobalSection
	GlobalSection(SolutionProperties) = preSolution
		HideSolutionNode = FALSE
	EndGlobalSection
	GlobalSection(ExtensibilityGlobals) = postSolution
		SolutionGuid = {2A702615-2BF1-4DAC-9CE1-93593EAAADD2}
	EndGlobalSection
EndGlobal
